
Microsoft Visual Studio Solution File, Format Version 12.00
# Visual Studio Version 17
VisualStudioVersion = 17.4.33110.190
MinimumVisualStudioVersion = 10.0.40219.1
Project("{9A19103F-16F7-4668-BE54-9A1E7A4F7556}") = "StudentPerformance", "StudentPerformance.csproj", "{944D9F49-717B-45DB-AD2E-64B27DD49CCF}"
EndProject
Project("{FAE04EC0-301F-11D3-BF4B-00C04F79EFBC}") = "UITestsForStudentPerformance", "..\UITestsForStudentPerformance\UITestsForStudentPerformance.csproj", "{3E7A6AE0-CBBB-4E6F-8984-456624FD126E}"
EndProject
Global
	GlobalSection(SolutionConfigurationPlatforms) = preSolution
		Debug|Any CPU = Debug|Any CPU
		Release|Any CPU = Release|Any CPU
	EndGlobalSection
	GlobalSection(ProjectConfigurationPlatforms) = postSolution
		{944D9F49-717B-45DB-AD2E-64B27DD49CCF}.Debug|Any CPU.ActiveCfg = Debug|Any CPU
		{944D9F49-717B-45DB-AD2E-64B27DD49CCF}.Debug|Any CPU.Build.0 = Debug|Any CPU
		{944D9F49-717B-45DB-AD2E-64B27DD49CCF}.Release|Any CPU.ActiveCfg = Release|Any CPU
		{944D9F49-717B-45DB-AD2E-64B27DD49CCF}.Release|Any CPU.Build.0 = Release|Any CPU
		{3E7A6AE0-CBBB-4E6F-8984-456624FD126E}.Debug|Any CPU.ActiveCfg = Debug|Any CPU
		{3E7A6AE0-CBBB-4E6F-8984-456624FD126E}.Debug|Any CPU.Build.0 = Debug|Any CPU
		{3E7A6AE0-CBBB-4E6F-8984-456624FD126E}.Release|Any CPU.ActiveCfg = Release|Any CPU
		{3E7A6AE0-CBBB-4E6F-8984-456624FD126E}.Release|Any CPU.Build.0 = Release|Any CPU
	EndGlobalSection
	GlobalSection(SolutionProperties) = preSolution
		HideSolutionNode = FALSE
	EndGlobalSection
	GlobalSection(ExtensibilityGlobals) = postSolution
		SolutionGuid = {B283500A-3DE7-41F4-AF16-9B02A7886393}
	EndGlobalSection
EndGlobal
